
Microsoft Visual Studio Solution File, Format Version 12.00
# Visual Studio Version 17
VisualStudioVersion = 17.10.35013.160
MinimumVisualStudioVersion = 10.0.40219.1
Project("{9A19103F-16F7-4668-BE54-9A1E7A4F7556}") = "AcadaTA.Models", "AcadaTA.Models\AcadaTA.Models.csproj", "{C52E926E-8640-41FC-A4DC-4AC68AE85DAA}"
EndProject
Project("{9A19103F-16F7-4668-BE54-9A1E7A4F7556}") = "AcadaTA.Repositories", "AcadaTA.Repositories\AcadaTA.Repositories.csproj", "{211E84E2-F184-48C0-A75C-3A7570DCB004}"
EndProject
Project("{9A19103F-16F7-4668-BE54-9A1E7A4F7556}") = "AcadaTA.Services", "AcadaTA.Services\AcadaTA.Services.csproj", "{E3C5674D-CF00-461E-AB6C-F1C9A23E86C8}"
EndProject
Project("{9A19103F-16F7-4668-BE54-9A1E7A4F7556}") = "AcadaTA.Infrastructure", "AcadaTA.Infrastructure\AcadaTA.Infrastructure.csproj", "{661C589D-8585-4984-81F3-260BE8BE45AE}"
EndProject
Project("{9A19103F-16F7-4668-BE54-9A1E7A4F7556}") = "AcadaTA.WebApi", "AcadaTA.WebApi\AcadaTA.WebApi.csproj", "{462BFC48-784C-4C1F-AB38-9C47381770A2}"
EndProject
Project("{2150E333-8FDC-42A3-9474-1A3956D46DE8}") = "Solution Items", "Solution Items", "{6931319E-7054-4BB3-96A0-547A4F327030}"
	ProjectSection(SolutionItems) = preProject
		.editorconfig = .editorconfig
	EndProjectSection
EndProject
Project("{2150E333-8FDC-42A3-9474-1A3956D46DE8}") = "UnitTests", "UnitTests", "{804ADBB6-E58D-4086-B6FF-624285A6A200}"
EndProject
Project("{9A19103F-16F7-4668-BE54-9A1E7A4F7556}") = "AcadaTA.Controllers.UnitTests", "UnitTests\AcadaTA.Controller.UnitTests\AcadaTA.Controllers.UnitTests.csproj", "{DE89DFF3-5633-428E-BB83-1577D34B2285}"
EndProject
Project("{9A19103F-16F7-4668-BE54-9A1E7A4F7556}") = "AcadaTA.Services.UnitTests", "UnitTests\AcadaTA.Services.UnitTests\AcadaTA.Services.UnitTests.csproj", "{340DA1AC-0BBF-4B5F-89C0-DAAA9B7D8935}"
EndProject
Global
	GlobalSection(SolutionConfigurationPlatforms) = preSolution
		Debug|Any CPU = Debug|Any CPU
		Release|Any CPU = Release|Any CPU
	EndGlobalSection
	GlobalSection(ProjectConfigurationPlatforms) = postSolution
		{C52E926E-8640-41FC-A4DC-4AC68AE85DAA}.Debug|Any CPU.ActiveCfg = Debug|Any CPU
		{C52E926E-8640-41FC-A4DC-4AC68AE85DAA}.Debug|Any CPU.Build.0 = Debug|Any CPU
		{C52E926E-8640-41FC-A4DC-4AC68AE85DAA}.Release|Any CPU.ActiveCfg = Release|Any CPU
		{C52E926E-8640-41FC-A4DC-4AC68AE85DAA}.Release|Any CPU.Build.0 = Release|Any CPU
		{211E84E2-F184-48C0-A75C-3A7570DCB004}.Debug|Any CPU.ActiveCfg = Debug|Any CPU
		{211E84E2-F184-48C0-A75C-3A7570DCB004}.Debug|Any CPU.Build.0 = Debug|Any CPU
		{211E84E2-F184-48C0-A75C-3A7570DCB004}.Release|Any CPU.ActiveCfg = Release|Any CPU
		{211E84E2-F184-48C0-A75C-3A7570DCB004}.Release|Any CPU.Build.0 = Release|Any CPU
		{E3C5674D-CF00-461E-AB6C-F1C9A23E86C8}.Debug|Any CPU.ActiveCfg = Debug|Any CPU
		{E3C5674D-CF00-461E-AB6C-F1C9A23E86C8}.Debug|Any CPU.Build.0 = Debug|Any CPU
		{E3C5674D-CF00-461E-AB6C-F1C9A23E86C8}.Release|Any CPU.ActiveCfg = Release|Any CPU
		{E3C5674D-CF00-461E-AB6C-F1C9A23E86C8}.Release|Any CPU.Build.0 = Release|Any CPU
		{661C589D-8585-4984-81F3-260BE8BE45AE}.Debug|Any CPU.ActiveCfg = Debug|Any CPU
		{661C589D-8585-4984-81F3-260BE8BE45AE}.Debug|Any CPU.Build.0 = Debug|Any CPU
		{661C589D-8585-4984-81F3-260BE8BE45AE}.Release|Any CPU.ActiveCfg = Release|Any CPU
		{661C589D-8585-4984-81F3-260BE8BE45AE}.Release|Any CPU.Build.0 = Release|Any CPU
		{462BFC48-784C-4C1F-AB38-9C47381770A2}.Debug|Any CPU.ActiveCfg = Debug|Any CPU
		{462BFC48-784C-4C1F-AB38-9C47381770A2}.Debug|Any CPU.Build.0 = Debug|Any CPU
		{462BFC48-784C-4C1F-AB38-9C47381770A2}.Release|Any CPU.ActiveCfg = Release|Any CPU
		{462BFC48-784C-4C1F-AB38-9C47381770A2}.Release|Any CPU.Build.0 = Release|Any CPU
		{DE89DFF3-5633-428E-BB83-1577D34B2285}.Debug|Any CPU.ActiveCfg = Debug|Any CPU
		{DE89DFF3-5633-428E-BB83-1577D34B2285}.Debug|Any CPU.Build.0 = Debug|Any CPU
		{DE89DFF3-5633-428E-BB83-1577D34B2285}.Release|Any CPU.ActiveCfg = Release|Any CPU
		{DE89DFF3-5633-428E-BB83-1577D34B2285}.Release|Any CPU.Build.0 = Release|Any CPU
		{340DA1AC-0BBF-4B5F-89C0-DAAA9B7D8935}.Debug|Any CPU.ActiveCfg = Debug|Any CPU
		{340DA1AC-0BBF-4B5F-89C0-DAAA9B7D8935}.Debug|Any CPU.Build.0 = Debug|Any CPU
		{340DA1AC-0BBF-4B5F-89C0-DAAA9B7D8935}.Release|Any CPU.ActiveCfg = Release|Any CPU
		{340DA1AC-0BBF-4B5F-89C0-DAAA9B7D8935}.Release|Any CPU.Build.0 = Release|Any CPU
	EndGlobalSection
	GlobalSection(SolutionProperties) = preSolution
		HideSolutionNode = FALSE
	EndGlobalSection
	GlobalSection(NestedProjects) = preSolution
		{DE89DFF3-5633-428E-BB83-1577D34B2285} = {804ADBB6-E58D-4086-B6FF-624285A6A200}
		{340DA1AC-0BBF-4B5F-89C0-DAAA9B7D8935} = {804ADBB6-E58D-4086-B6FF-624285A6A200}
	EndGlobalSection
	GlobalSection(ExtensibilityGlobals) = postSolution
		SolutionGuid = {11942468-D9EA-439C-A693-B82E33042666}
	EndGlobalSection
EndGlobal
